
Microsoft Visual Studio Solution File, Format Version 12.00
# Visual Studio 15
VisualStudioVersion = 15.0.27703.2042
MinimumVisualStudioVersion = 10.0.40219.1
Project("{9A19103F-16F7-4668-BE54-9A1E7A4F7556}") = "CoreMVC1", "CoreMVC1\CoreMVC1.csproj", "{A490F335-0D64-4B00-A2C3-36A93286DCA5}"
EndProject
Project("{FAE04EC0-301F-11D3-BF4B-00C04F79EFBC}") = "LibraryData", "LibraryData\LibraryData.csproj", "{8EC718F7-C3EE-4758-89AD-D636D27A1CF9}"
EndProject
Project("{FAE04EC0-301F-11D3-BF4B-00C04F79EFBC}") = "LibraryServices", "LibraryServices\LibraryServices.csproj", "{59DB7116-3208-4242-A914-E799E212D2B7}"
EndProject
Global
	GlobalSection(SolutionConfigurationPlatforms) = preSolution
		Debug|Any CPU = Debug|Any CPU
		Release|Any CPU = Release|Any CPU
	EndGlobalSection
	GlobalSection(ProjectConfigurationPlatforms) = postSolution
		{A490F335-0D64-4B00-A2C3-36A93286DCA5}.Debug|Any CPU.ActiveCfg = Debug|Any CPU
		{A490F335-0D64-4B00-A2C3-36A93286DCA5}.Debug|Any CPU.Build.0 = Debug|Any CPU
		{A490F335-0D64-4B00-A2C3-36A93286DCA5}.Release|Any CPU.ActiveCfg = Release|Any CPU
		{A490F335-0D64-4B00-A2C3-36A93286DCA5}.Release|Any CPU.Build.0 = Release|Any CPU
		{8EC718F7-C3EE-4758-89AD-D636D27A1CF9}.Debug|Any CPU.ActiveCfg = Debug|Any CPU
		{8EC718F7-C3EE-4758-89AD-D636D27A1CF9}.Debug|Any CPU.Build.0 = Debug|Any CPU
		{8EC718F7-C3EE-4758-89AD-D636D27A1CF9}.Release|Any CPU.ActiveCfg = Release|Any CPU
		{8EC718F7-C3EE-4758-89AD-D636D27A1CF9}.Release|Any CPU.Build.0 = Release|Any CPU
		{59DB7116-3208-4242-A914-E799E212D2B7}.Debug|Any CPU.ActiveCfg = Debug|Any CPU
		{59DB7116-3208-4242-A914-E799E212D2B7}.Debug|Any CPU.Build.0 = Debug|Any CPU
		{59DB7116-3208-4242-A914-E799E212D2B7}.Release|Any CPU.ActiveCfg = Release|Any CPU
		{59DB7116-3208-4242-A914-E799E212D2B7}.Release|Any CPU.Build.0 = Release|Any CPU
	EndGlobalSection
	GlobalSection(SolutionProperties) = preSolution
		HideSolutionNode = FALSE
	EndGlobalSection
	GlobalSection(ExtensibilityGlobals) = postSolution
		SolutionGuid = {871D8BC4-1E3B-42CF-ADE1-9EF9DBA06114}
	EndGlobalSection
EndGlobal
